
Microsoft Visual Studio Solution File, Format Version 12.00
# Visual Studio Version 16
VisualStudioVersion = 16.0.30503.244
MinimumVisualStudioVersion = 10.0.40219.1
Project("{8BC9CEB8-8B4A-11D0-8D11-00A0C91BC942}") = "PFWeek6No2", "PFWeek6No2\PFWeek6No2.vcxproj", "{AD74B47A-861F-4D7A-B644-FE7C8FC38A9E}"
EndProject
Global
	GlobalSection(SolutionConfigurationPlatforms) = preSolution
		Debug|x64 = Debug|x64
		Debug|x86 = Debug|x86
		Release|x64 = Release|x64
		Release|x86 = Release|x86
	EndGlobalSection
	GlobalSection(ProjectConfigurationPlatforms) = postSolution
		{AD74B47A-861F-4D7A-B644-FE7C8FC38A9E}.Debug|x64.ActiveCfg = Debug|x64
		{AD74B47A-861F-4D7A-B644-FE7C8FC38A9E}.Debug|x64.Build.0 = Debug|x64
		{AD74B47A-861F-4D7A-B644-FE7C8FC38A9E}.Debug|x86.ActiveCfg = Debug|Win32
		{AD74B47A-861F-4D7A-B644-FE7C8FC38A9E}.Debug|x86.Build.0 = Debug|Win32
		{AD74B47A-861F-4D7A-B644-FE7C8FC38A9E}.Release|x64.ActiveCfg = Release|x64
		{AD74B47A-861F-4D7A-B644-FE7C8FC38A9E}.Release|x64.Build.0 = Release|x64
		{AD74B47A-861F-4D7A-B644-FE7C8FC38A9E}.Release|x86.ActiveCfg = Release|Win32
		{AD74B47A-861F-4D7A-B644-FE7C8FC38A9E}.Release|x86.Build.0 = Release|Win32
	EndGlobalSection
	GlobalSection(SolutionProperties) = preSolution
		HideSolutionNode = FALSE
	EndGlobalSection
	GlobalSection(ExtensibilityGlobals) = postSolution
		SolutionGuid = {4DCF3FA5-4F56-43D9-82BD-C73EECBD4938}
	EndGlobalSection
EndGlobal
